{"1.1.0",
[{<<"aleppo">>,
  {git,"https://github.com/ErlyORM/aleppo.git",
       {ref,"747c18dab7c24e4674576a6b0b22e4e4ebfe84d5"}},
  1},
 {<<"boss_db">>,
  {git,"git://github.com/ErlyORM/boss_db.git",
       {ref,"7f2942c63167c1e36510acb1b612047baaef8307"}},
  0},
 {<<"boss_test">>,
  {git,"https://github.com/ChicagoBoss/boss_test.git",
       {ref,"904bdc47c87d73a891ff86b96f7a3cefd3e5c632"}},
  1},
 {<<"cowboy">>,{pkg,<<"cowboy">>,<<"2.1.0">>},0},
 {<<"cowlib">>,{pkg,<<"cowlib">>,<<"2.0.1">>},1},
 {<<"ddb">>,
  {git,"https://github.com/ErlyORM/ddb.git",
       {ref,"0b73869c1162da05074a5b006744ca42d4d37dbb"}},
  1},
 {<<"dh_date">>,
  {git,"https://github.com/daleharvey/dh_date.git",
       {ref,"23e5a61381d1f155520958ff28eba6a3480e9a10"}},
  1},
 {<<"epgsql">>,
  {git,"https://github.com/epgsql/epgsql.git",
       {ref,"c7dfb06481143d5554aed0d4f6853d1e3d56c670"}},
  1},
 {<<"erlando">>,
  {git,"https://github.com/ChicagoBoss/erlando.git",
       {ref,"b0b77dd9b91a0246b5b3602ccf91182e0d0a2d9a"}},
  1},
 {<<"erlmc">>,
  {git,"https://github.com/layerhq/erlmc.git",
       {ref,"abc972b27c1fbb146d03329299ef640e424b98b8"}},
  1},
 {<<"erlydtl">>,{pkg,<<"erlydtl2">>,<<"0.11.1">>},0},
 {<<"esmtp">>,
  {git,"git://github.com/archaelus/esmtp.git",
       {ref,"72c1cba22e9740c8790ff415a15c55473d72acf0"}},
  0},
 {<<"ets_cache">>,
  {git,"https://github.com/cuongth/ets_cache.git",
       {ref,"c7a17204cd9602b677540e9c73d10e6f6f7da146"}},
  1},
 {<<"goldrush">>,
  {git,"git://github.com/DeadZen/goldrush.git",
       {ref,"212299233c7e7eb63a97be2777e1c05ebaa58dbe"}},
  2},
 {<<"ibrowse">>,
  {git,"https://github.com/cmullaparthi/ibrowse.git",
       {ref,"ea3305d21f37eced4fac290f64b068e56df7de80"}},
  2},
 {<<"jsx">>,{pkg,<<"jsx">>,<<"2.8.3">>},0},
 {<<"lager">>,
  {git,"https://github.com/basho/lager.git",
       {ref,"1c42c3bffbab49b0f06c9a916b00ca4911ae6a2f"}},
  1},
 {<<"medici">>,
  {git,"https://github.com/ErlyORM/medici.git",
       {ref,"bb6167459d19f48089b2bd46f753bf70fce495fe"}},
  1},
 {<<"mysql">>,
  {git,"https://github.com/ErlyORM/erlang-mysql-driver.git",
       {ref,"636333c803e9132b6a2ea360b678a9f7c31623a6"}},
  1},
 {<<"pmod_transform">>,
  {git,"git://github.com/erlang/pmod_transform.git",
       {ref,"8d5ab70f087cfbb634d789f7489f09c6d39c5c8b"}},
  2},
 {<<"poolboy">>,
  {git,"https://github.com/devinus/poolboy.git",
       {ref,"3bb48a893ff5598f7c73731ac17545206d259fac"}},
  1},
 {<<"proper">>,
  {git,"https://github.com/manopapad/proper.git",
       {ref,"5f0d69c831b6c9f52535c3d1846efca480f6190d"}},
  1},
 {<<"ranch">>,{pkg,<<"ranch">>,<<"1.4.0">>},1},
 {<<"redo">>,
  {git,"https://github.com/heroku/redo.git",
       {ref,"cd75a11697d69e38b6e5e1750b7ec18414fb60eb"}},
  1},
 {<<"sync">>,{pkg,<<"sync">>,<<"0.1.3">>},0},
 {<<"tiny_pq">>,
  {git,"https://github.com/ChicagoBoss/tiny_pq.git",
       {ref,"f3d6b4d66679c1ed2670aa971715050cf00fc817"}},
  1},
 {<<"uuid">>,
  {git,"https://github.com/avtobiff/erlang-uuid.git",
       {ref,"585c2474afb4a597ae8c8bf6d21e5a9c73f18e0b"}},
  1}]}.
[
{pkg_hash,[
 {<<"cowboy">>, <<"69F9DB3B23C24AB6B3A169A6357130C16B39CDA1A1F8C582F818883EE552589D">>},
 {<<"cowlib">>, <<"4DFFFB1DB296EAB9F2E8B95EE3017007F674BC920CE30AEB5A53BBDA82FC38C0">>},
 {<<"erlydtl">>, <<"D612C44299204145FC282C4B2F70AF2F29D54FD057219CC64A36C0A908F3756B">>},
 {<<"jsx">>, <<"A05252D381885240744D955FBE3CF810504EB2567164824E19303EA59EEF62CF">>},
 {<<"ranch">>, <<"10272F95DA79340FA7E8774BA7930B901713D272905D0012B06CA6D994F8826B">>},
 {<<"sync">>, <<"C5785FE1311542B76355F403B8E0B35E30DBBEE1F5E89968748CEA4D0A20D289">>}]}
].
